
Microsoft Visual Studio Solution File, Format Version 12.00
# Visual Studio 15
VisualStudioVersion = 15.0.28307.645
MinimumVisualStudioVersion = 10.0.40219.1
Project("{FAE04EC0-301F-11D3-BF4B-00C04F79EFBC}") = "DevopsPoC", "DevopsPoC\DevopsPoC.csproj", "{0CAAFA10-DAFC-4E33-8198-B5251F834719}"
EndProject
Project("{A07B5EB6-E848-4116-A8D0-A826331D98C6}") = "DevopsContainerService", "DevopsContainerService\DevopsContainerService.sfproj", "{BE8A2272-9976-47DC-9C0B-62C2945800E3}"
EndProject
Global
	GlobalSection(SolutionConfigurationPlatforms) = preSolution
		Debug|Any CPU = Debug|Any CPU
		Debug|x64 = Debug|x64
		Release|Any CPU = Release|Any CPU
		Release|x64 = Release|x64
	EndGlobalSection
	GlobalSection(ProjectConfigurationPlatforms) = postSolution
		{0CAAFA10-DAFC-4E33-8198-B5251F834719}.Debug|Any CPU.ActiveCfg = Debug|Any CPU
		{0CAAFA10-DAFC-4E33-8198-B5251F834719}.Debug|Any CPU.Build.0 = Debug|Any CPU
		{0CAAFA10-DAFC-4E33-8198-B5251F834719}.Debug|x64.ActiveCfg = Debug|Any CPU
		{0CAAFA10-DAFC-4E33-8198-B5251F834719}.Debug|x64.Build.0 = Debug|Any CPU
		{0CAAFA10-DAFC-4E33-8198-B5251F834719}.Release|Any CPU.ActiveCfg = Release|Any CPU
		{0CAAFA10-DAFC-4E33-8198-B5251F834719}.Release|Any CPU.Build.0 = Release|Any CPU
		{0CAAFA10-DAFC-4E33-8198-B5251F834719}.Release|x64.ActiveCfg = Release|Any CPU
		{0CAAFA10-DAFC-4E33-8198-B5251F834719}.Release|x64.Build.0 = Release|Any CPU
		{BE8A2272-9976-47DC-9C0B-62C2945800E3}.Debug|Any CPU.ActiveCfg = Debug|x64
		{BE8A2272-9976-47DC-9C0B-62C2945800E3}.Debug|x64.ActiveCfg = Debug|x64
		{BE8A2272-9976-47DC-9C0B-62C2945800E3}.Debug|x64.Build.0 = Debug|x64
		{BE8A2272-9976-47DC-9C0B-62C2945800E3}.Debug|x64.Deploy.0 = Debug|x64
		{BE8A2272-9976-47DC-9C0B-62C2945800E3}.Release|Any CPU.ActiveCfg = Release|x64
		{BE8A2272-9976-47DC-9C0B-62C2945800E3}.Release|x64.ActiveCfg = Release|x64
		{BE8A2272-9976-47DC-9C0B-62C2945800E3}.Release|x64.Build.0 = Release|x64
		{BE8A2272-9976-47DC-9C0B-62C2945800E3}.Release|x64.Deploy.0 = Release|x64
	EndGlobalSection
	GlobalSection(SolutionProperties) = preSolution
		HideSolutionNode = FALSE
	EndGlobalSection
	GlobalSection(ExtensibilityGlobals) = postSolution
		SolutionGuid = {47F40A99-83D1-46D2-AB01-179E32FCF541}
	EndGlobalSection
EndGlobal
